# @generated - this file is auto-generated by `mise lock` https://mise.en.dev/dev-tools/mise-lock.html

[[tools.go]]
version = "1.25.11"
backend = "core:go"

[tools.go."platforms.linux-arm64"]
checksum = "sha256:c30bf9e156a54ea4e31fbbbf31a712b32734b58cc9a22426fa5ee632d0885124"
url = "https://dl.google.com/go/go1.25.11.linux-arm64.tar.gz"

[tools.go."platforms.linux-arm64-musl"]
checksum = "sha256:c30bf9e156a54ea4e31fbbbf31a712b32734b58cc9a22426fa5ee632d0885124"
url = "https://dl.google.com/go/go1.25.11.linux-arm64.tar.gz"

[tools.go."platforms.linux-x64"]
checksum = "sha256:34f14304e856893f4ba30c2cacfe93906e9de7915c5f6aaaf3a81cdccd7ba30b"
url = "https://dl.google.com/go/go1.25.11.linux-amd64.tar.gz"

[tools.go."platforms.linux-x64-musl"]
checksum = "sha256:34f14304e856893f4ba30c2cacfe93906e9de7915c5f6aaaf3a81cdccd7ba30b"
url = "https://dl.google.com/go/go1.25.11.linux-amd64.tar.gz"

[tools.go."platforms.macos-arm64"]
checksum = "sha256:cd8d4920e7930d55da1a5a57ba43a64b1305f71cdf2ca3c76cd8c549272b1680"
url = "https://dl.google.com/go/go1.25.11.darwin-arm64.tar.gz"

[tools.go."platforms.macos-x64"]
checksum = "sha256:26d0ee4071de42b5c332337db9fdd234072877697c547e46e85efb0f59507c66"
url = "https://dl.google.com/go/go1.25.11.darwin-amd64.tar.gz"

[tools.go."platforms.windows-x64"]
checksum = "sha256:b7401f1b41517428e537493316256fb7cf03c66a130a0103ab07f3a2152e2112"
url = "https://dl.google.com/go/go1.25.11.windows-amd64.zip"
